
Microsoft Visual Studio Solution File, Format Version 12.00
Project("{FAE04EC0-301F-11D3-BF4B-00C04F79EFBC}") = "EasyOffice.EasyExcel", "EasyOffice.EasyExcel\EasyOffice.EasyExcel.csproj", "{7CAC10C4-B787-4EF7-8AE7-363AF6D37A20}"
EndProject
Project("{FAE04EC0-301F-11D3-BF4B-00C04F79EFBC}") = "UnitTest", "UnitTest\UnitTest.csproj", "{9F5FAF9F-CF41-4911-8A6A-C3BD88D0A1A3}"
EndProject
Global
	GlobalSection(SolutionConfigurationPlatforms) = preSolution
		Debug|Any CPU = Debug|Any CPU
		Release|Any CPU = Release|Any CPU
	EndGlobalSection
	GlobalSection(ProjectConfigurationPlatforms) = postSolution
		{7CAC10C4-B787-4EF7-8AE7-363AF6D37A20}.Debug|Any CPU.ActiveCfg = Debug|Any CPU
		{7CAC10C4-B787-4EF7-8AE7-363AF6D37A20}.Debug|Any CPU.Build.0 = Debug|Any CPU
		{7CAC10C4-B787-4EF7-8AE7-363AF6D37A20}.Release|Any CPU.ActiveCfg = Release|Any CPU
		{7CAC10C4-B787-4EF7-8AE7-363AF6D37A20}.Release|Any CPU.Build.0 = Release|Any CPU
		{9F5FAF9F-CF41-4911-8A6A-C3BD88D0A1A3}.Debug|Any CPU.ActiveCfg = Debug|Any CPU
		{9F5FAF9F-CF41-4911-8A6A-C3BD88D0A1A3}.Debug|Any CPU.Build.0 = Debug|Any CPU
		{9F5FAF9F-CF41-4911-8A6A-C3BD88D0A1A3}.Release|Any CPU.ActiveCfg = Release|Any CPU
		{9F5FAF9F-CF41-4911-8A6A-C3BD88D0A1A3}.Release|Any CPU.Build.0 = Release|Any CPU
	EndGlobalSection
EndGlobal
